
Microsoft Visual Studio Solution File, Format Version 12.00
# Visual Studio 15
VisualStudioVersion = 15.0.28010.2041
MinimumVisualStudioVersion = 10.0.40219.1
Project("{FAE04EC0-301F-11D3-BF4B-00C04F79EFBC}") = "PacktDemoApp", "PacktDemoApp\PacktDemoApp.csproj", "{EE976087-7430-4F5D-8796-3825F0068D01}"
EndProject
Global
	GlobalSection(SolutionConfigurationPlatforms) = preSolution
		Debug|Any CPU = Debug|Any CPU
		Release|Any CPU = Release|Any CPU
	EndGlobalSection
	GlobalSection(ProjectConfigurationPlatforms) = postSolution
		{EE976087-7430-4F5D-8796-3825F0068D01}.Debug|Any CPU.ActiveCfg = Debug|Any CPU
		{EE976087-7430-4F5D-8796-3825F0068D01}.Debug|Any CPU.Build.0 = Debug|Any CPU
		{EE976087-7430-4F5D-8796-3825F0068D01}.Release|Any CPU.ActiveCfg = Release|Any CPU
		{EE976087-7430-4F5D-8796-3825F0068D01}.Release|Any CPU.Build.0 = Release|Any CPU
	EndGlobalSection
	GlobalSection(SolutionProperties) = preSolution
		HideSolutionNode = FALSE
	EndGlobalSection
	GlobalSection(ExtensibilityGlobals) = postSolution
		SolutionGuid = {DBDDC98D-4937-48B7-903F-99C409760BF4}
	EndGlobalSection
EndGlobal
